{
  "originHash" : "ada1d2d3e274060168652b4804269980e0fe96867c58cd053f7871e056f88381",
  "pins" : [
    {
      "identity" : "kmplibrarysample",
      "kind" : "remoteSourceControl",
      "location" : "https://github.com/ErnestoOlalla/KMPLibrarySample",
      "state" : {
        "revision" : "2c27b3490428d6c6d8edeb6a3b71628da79f4f29",
        "version" : "1.0.8"
      }
    }
  ],
  "version" : 3
}
